// !$*UTF8*$!
{
	archiveVersion = 1;
	classes = {
	};
	objectVersion = 50;
	objects = {

/* Begin PBXBuildFile section */
		DC10BD5D20C63E5900EE4428 /* AppDelegate.swift in Sources */ = {isa = PBXBuildFile; fileRef = DC10BD5C20C63E5900EE4428 /* AppDelegate.swift */; };
		DC10BD5F20C63E5900EE4428 /* ViewController.swift in Sources */ = {isa = PBXBuildFile; fileRef = DC10BD5E20C63E5900EE4428 /* ViewController.swift */; };
		DC10BD6220C63E5900EE4428 /* Main.storyboard in Resources */ = {isa = PBXBuildFile; fileRef = DC10BD6020C63E5900EE4428 /* Main.storyboard */; };
		DC10BD6420C63E5B00EE4428 /* Assets.xcassets in Resources */ = {isa = PBXBuildFile; fileRef = DC10BD6320C63E5B00EE4428 /* Assets.xcassets */; };
		DC10BD6720C63E5B00EE4428 /* LaunchScreen.storyboard in Resources */ = {isa = PBXBuildFile; fileRef = DC10BD6520C63E5B00EE4428 /* LaunchScreen.storyboard */; };
		DC10BD7220C63E5B00EE4428 /* SAY_HoustonTests.swift in Sources */ = {isa = PBXBuildFile; fileRef = DC10BD7120C63E5B00EE4428 /* SAY_HoustonTests.swift */; };
		DC10BD7D20C63E5B00EE4428 /* SAY_HoustonUITests.swift in Sources */ = {isa = PBXBuildFile; fileRef = DC10BD7C20C63E5B00EE4428 /* SAY_HoustonUITests.swift */; };
/* End PBXBuildFile section */

/* Begin PBXContainerItemProxy section */
		DC10BD6E20C63E5B00EE4428 /* PBXContainerItemProxy */ = {
			isa = PBXContainerItemProxy;
			containerPortal = DC10BD5120C63E5900EE4428 /* Project object */;
			proxyType = 1;
			remoteGlobalIDString = DC10BD5820C63E5900EE4428;
			remoteInfo = "SAY Houston";
		};
		DC10BD7920C63E5B00EE4428 /* PBXContainerItemProxy */ = {
			isa = PBXContainerItemProxy;
			containerPortal = DC10BD5120C63E5900EE4428 /* Project object */;
			proxyType = 1;
			remoteGlobalIDString = DC10BD5820C63E5900EE4428;
			remoteInfo = "SAY Houston";
		};
/* End PBXContainerItemProxy section */

/* Begin PBXFileReference section */
		DC10BD5920C63E5900EE4428 /* SAY Houston.app */ = {isa = PBXFileReference; explicitFileType = wrapper.application; includeInIndex = 0; path = "SAY Houston.app"; sourceTree = BUILT_PRODUCTS_DIR; };
		DC10BD5C20C63E5900EE4428 /* AppDelegate.swift */ = {isa = PBXFileReference; lastKnownFileType = sourcecode.swift; path = AppDelegate.swift; sourceTree = "<group>"; };
		DC10BD5E20C63E5900EE4428 /* ViewController.swift */ = {isa = PBXFileReference; lastKnownFileType = sourcecode.swift; path = ViewController.swift; sourceTree = "<group>"; };
		DC10BD6120C63E5900EE4428 /* Base */ = {isa = PBXFileReference; lastKnownFileType = file.storyboard; name = Base; path = Base.lproj/Main.storyboard; sourceTree = "<group>"; };
		DC10BD6320C63E5B00EE4428 /* Assets.xcassets */ = {isa = PBXFileReference; lastKnownFileType = folder.assetcatalog; path = Assets.xcassets; sourceTree = "<group>"; };
		DC10BD6620C63E5B00EE4428 /* Base */ = {isa = PBXFileReference; lastKnownFileType = file.storyboard; name = Base; path = Base.lproj/LaunchScreen.storyboard; sourceTree = "<group>"; };
		DC10BD6820C63E5B00EE4428 /* Info.plist */ = {isa = PBXFileReference; lastKnownFileType = text.plist.xml; path = Info.plist; sourceTree = "<group>"; };
		DC10BD6D20C63E5B00EE4428 /* SAY HoustonTests.xctest */ = {isa = PBXFileReference; explicitFileType = wrapper.cfbundle; includeInIndex = 0; path = "SAY HoustonTests.xctest"; sourceTree = BUILT_PRODUCTS_DIR; };
		DC10BD7120C63E5B00EE4428 /* SAY_HoustonTests.swift */ = {isa = PBXFileReference; lastKnownFileType = sourcecode.swift; path = SAY_HoustonTests.swift; sourceTree = "<group>"; };
		DC10BD7320C63E5B00EE4428 /* Info.plist */ = {isa = PBXFileReference; lastKnownFileType = text.plist.xml; path = Info.plist; sourceTree = "<group>"; };
		DC10BD7820C63E5B00EE4428 /* SAY HoustonUITests.xctest */ = {isa = PBXFileReference; explicitFileType = wrapper.cfbundle; includeInIndex = 0; path = "SAY HoustonUITests.xctest"; sourceTree = BUILT_PRODUCTS_DIR; };
		DC10BD7C20C63E5B00EE4428 /* SAY_HoustonUITests.swift */ = {isa = PBXFileReference; lastKnownFileType = sourcecode.swift; path = SAY_HoustonUITests.swift; sourceTree = "<group>"; };
		DC10BD7E20C63E5B00EE4428 /* Info.plist */ = {isa = PBXFileReference; lastKnownFileType = text.plist.xml; path = Info.plist; sourceTree = "<group>"; };
/* End PBXFileReference section */

/* Begin PBXFrameworksBuildPhase section */
		DC10BD5620C63E5900EE4428 /* Frameworks */ = {
			isa = PBXFrameworksBuildPhase;
			buildActionMask = 2147483647;
			files = (
			);
			runOnlyForDeploymentPostprocessing = 0;
		};
		DC10BD6A20C63E5B00EE4428 /* Frameworks */ = {
			isa = PBXFrameworksBuildPhase;
			buildActionMask = 2147483647;
			files = (
			);
			runOnlyForDeploymentPostprocessing = 0;
		};
		DC10BD7520C63E5B00EE4428 /* Frameworks */ = {
			isa = PBXFrameworksBuildPhase;
			buildActionMask = 2147483647;
			files = (
			);
			runOnlyForDeploymentPostprocessing = 0;
		};
/* End PBXFrameworksBuildPhase section */

/* Begin PBXGroup section */
		DC10BD5020C63E5900EE4428 = {
			isa = PBXGroup;
			children = (
				DC10BD5B20C63E5900EE4428 /* SAY Houston */,
				DC10BD7020C63E5B00EE4428 /* SAY HoustonTests */,
				DC10BD7B20C63E5B00EE4428 /* SAY HoustonUITests */,
				DC10BD5A20C63E5900EE4428 /* Products */,
			);
			sourceTree = "<group>";
		};
		DC10BD5A20C63E5900EE4428 /* Products */ = {
			isa = PBXGroup;
			children = (
				DC10BD5920C63E5900EE4428 /* SAY Houston.app */,
				DC10BD6D20C63E5B00EE4428 /* SAY HoustonTests.xctest */,
				DC10BD7820C63E5B00EE4428 /* SAY HoustonUITests.xctest */,
			);
			name = Products;
			sourceTree = "<group>";
		};
		DC10BD5B20C63E5900EE4428 /* SAY Houston */ = {
			isa = PBXGroup;
			children = (
				DC10BD5C20C63E5900EE4428 /* AppDelegate.swift */,
				DC10BD5E20C63E5900EE4428 /* ViewController.swift */,
				DC10BD6020C63E5900EE4428 /* Main.storyboard */,
				DC10BD6320C63E5B00EE4428 /* Assets.xcassets */,
				DC10BD6520C63E5B00EE4428 /* LaunchScreen.storyboard */,
				DC10BD6820C63E5B00EE4428 /* Info.plist */,
			);
			path = "SAY Houston";
			sourceTree = "<group>";
		};
		DC10BD7020C63E5B00EE4428 /* SAY HoustonTests */ = {
			isa = PBXGroup;
			children = (
				DC10BD7120C63E5B00EE4428 /* SAY_HoustonTests.swift */,
				DC10BD7320C63E5B00EE4428 /* Info.plist */,
			);
			path = "SAY HoustonTests";
			sourceTree = "<group>";
		};
		DC10BD7B20C63E5B00EE4428 /* SAY HoustonUITests */ = {
			isa = PBXGroup;
			children = (
				DC10BD7C20C63E5B00EE4428 /* SAY_HoustonUITests.swift */,
				DC10BD7E20C63E5B00EE4428 /* Info.plist */,
			);
			path = "SAY HoustonUITests";
			sourceTree = "<group>";
		};
/* End PBXGroup section */

/* Begin PBXNativeTarget section */
		DC10BD5820C63E5900EE4428 /* SAY Houston */ = {
			isa = PBXNativeTarget;
			buildConfigurationList = DC10BD8120C63E5B00EE4428 /* Build configuration list for PBXNativeTarget "SAY Houston" */;
			buildPhases = (
				DC10BD5520C63E5900EE4428 /* Sources */,
				DC10BD5620C63E5900EE4428 /* Frameworks */,
				DC10BD5720C63E5900EE4428 /* Resources */,
			);
			buildRules = (
			);
			dependencies = (
			);
			name = "SAY Houston";
			productName = "SAY Houston";
			productReference = DC10BD5920C63E5900EE4428 /* SAY Houston.app */;
			productType = "com.apple.product-type.application";
		};
		DC10BD6C20C63E5B00EE4428 /* SAY HoustonTests */ = {
			isa = PBXNativeTarget;
			buildConfigurationList = DC10BD8420C63E5B00EE4428 /* Build configuration list for PBXNativeTarget "SAY HoustonTests" */;
			buildPhases = (
				DC10BD6920C63E5B00EE4428 /* Sources */,
				DC10BD6A20C63E5B00EE4428 /* Frameworks */,
				DC10BD6B20C63E5B00EE4428 /* Resources */,
			);
			buildRules = (
			);
			dependencies = (
				DC10BD6F20C63E5B00EE4428 /* PBXTargetDependency */,
			);
			name = "SAY HoustonTests";
			productName = "SAY HoustonTests";
			productReference = DC10BD6D20C63E5B00EE4428 /* SAY HoustonTests.xctest */;
			productType = "com.apple.product-type.bundle.unit-test";
		};
		DC10BD7720C63E5B00EE4428 /* SAY HoustonUITests */ = {
			isa = PBXNativeTarget;
			buildConfigurationList = DC10BD8720C63E5B00EE4428 /* Build configuration list for PBXNativeTarget "SAY HoustonUITests" */;
			buildPhases = (
				DC10BD7420C63E5B00EE4428 /* Sources */,
				DC10BD7520C63E5B00EE4428 /* Frameworks */,
				DC10BD7620C63E5B00EE4428 /* Resources */,
			);
			buildRules = (
			);
			dependencies = (
				DC10BD7A20C63E5B00EE4428 /* PBXTargetDependency */,
			);
			name = "SAY HoustonUITests";
			productName = "SAY HoustonUITests";
			productReference = DC10BD7820C63E5B00EE4428 /* SAY HoustonUITests.xctest */;
			productType = "com.apple.product-type.bundle.ui-testing";
		};
/* End PBXNativeTarget section */

/* Begin PBXProject section */
		DC10BD5120C63E5900EE4428 /* Project object */ = {
			isa = PBXProject;
			attributes = {
				LastSwiftUpdateCheck = 0940;
				LastUpgradeCheck = 0940;
				ORGANIZATIONNAME = "Game Changers";
				TargetAttributes = {
					DC10BD5820C63E5900EE4428 = {
						CreatedOnToolsVersion = 9.4;
					};
					DC10BD6C20C63E5B00EE4428 = {
						CreatedOnToolsVersion = 9.4;
						TestTargetID = DC10BD5820C63E5900EE4428;
					};
					DC10BD7720C63E5B00EE4428 = {
						CreatedOnToolsVersion = 9.4;
						TestTargetID = DC10BD5820C63E5900EE4428;
					};
				};
			};
			buildConfigurationList = DC10BD5420C63E5900EE4428 /* Build configuration list for PBXProject "SAY Houston" */;
			compatibilityVersion = "Xcode 9.3";
			developmentRegion = en;
			hasScannedForEncodings = 0;
			knownRegions = (
				en,
				Base,
			);
			mainGroup = DC10BD5020C63E5900EE4428;
			productRefGroup = DC10BD5A20C63E5900EE4428 /* Products */;
			projectDirPath = "";
			projectRoot = "";
			targets = (
				DC10BD5820C63E5900EE4428 /* SAY Houston */,
				DC10BD6C20C63E5B00EE4428 /* SAY HoustonTests */,
				DC10BD7720C63E5B00EE4428 /* SAY HoustonUITests */,
			);
		};
/* End PBXProject section */

/* Begin PBXResourcesBuildPhase section */
		DC10BD5720C63E5900EE4428 /* Resources */ = {
			isa = PBXResourcesBuildPhase;
			buildActionMask = 2147483647;
			files = (
				DC10BD6720C63E5B00EE4428 /* LaunchScreen.storyboard in Resources */,
				DC10BD6420C63E5B00EE4428 /* Assets.xcassets in Resources */,
				DC10BD6220C63E5900EE4428 /* Main.storyboard in Resources */,
			);
			runOnlyForDeploymentPostprocessing = 0;
		};
		DC10BD6B20C63E5B00EE4428 /* Resources */ = {
			isa = PBXResourcesBuildPhase;
			buildActionMask = 2147483647;
			files = (
			);
			runOnlyForDeploymentPostprocessing = 0;
		};
		DC10BD7620C63E5B00EE4428 /* Resources */ = {
			isa = PBXResourcesBuildPhase;
			buildActionMask = 2147483647;
			files = (
			);
			runOnlyForDeploymentPostprocessing = 0;
		};
/* End PBXResourcesBuildPhase section */

/* Begin PBXSourcesBuildPhase section */
		DC10BD5520C63E5900EE4428 /* Sources */ = {
			isa = PBXSourcesBuildPhase;
			buildActionMask = 2147483647;
			files = (
				DC10BD5F20C63E5900EE4428 /* ViewController.swift in Sources */,
				DC10BD5D20C63E5900EE4428 /* AppDelegate.swift in Sources */,
			);
			runOnlyForDeploymentPostprocessing = 0;
		};
		DC10BD6920C63E5B00EE4428 /* Sources */ = {
			isa = PBXSourcesBuildPhase;
			buildActionMask = 2147483647;
			files = (
				DC10BD7220C63E5B00EE4428 /* SAY_HoustonTests.swift in Sources */,
			);
			runOnlyForDeploymentPostprocessing = 0;
		};
		DC10BD7420C63E5B00EE4428 /* Sources */ = {
			isa = PBXSourcesBuildPhase;
			buildActionMask = 2147483647;
			files = (
				DC10BD7D20C63E5B00EE4428 /* SAY_HoustonUITests.swift in Sources */,
			);
			runOnlyForDeploymentPostprocessing = 0;
		};
/* End PBXSourcesBuildPhase section */

/* Begin PBXTargetDependency section */
		DC10BD6F20C63E5B00EE4428 /* PBXTargetDependency */ = {
			isa = PBXTargetDependency;
			target = DC10BD5820C63E5900EE4428 /* SAY Houston */;
			targetProxy = DC10BD6E20C63E5B00EE4428 /* PBXContainerItemProxy */;
		};
		DC10BD7A20C63E5B00EE4428 /* PBXTargetDependency */ = {
			isa = PBXTargetDependency;
			target = DC10BD5820C63E5900EE4428 /* SAY Houston */;
			targetProxy = DC10BD7920C63E5B00EE4428 /* PBXContainerItemProxy */;
		};
/* End PBXTargetDependency section */

/* Begin PBXVariantGroup section */
		DC10BD6020C63E5900EE4428 /* Main.storyboard */ = {
			isa = PBXVariantGroup;
			children = (
				DC10BD6120C63E5900EE4428 /* Base */,
			);
			name = Main.storyboard;
			sourceTree = "<group>";
		};
		DC10BD6520C63E5B00EE4428 /* LaunchScreen.storyboard */ = {
			isa = PBXVariantGroup;
			children = (
				DC10BD6620C63E5B00EE4428 /* Base */,
			);
			name = LaunchScreen.storyboard;
			sourceTree = "<group>";
		};
/* End PBXVariantGroup section */

/* Begin XCBuildConfiguration section */
		DC10BD7F20C63E5B00EE4428 /* Debug */ = {
			isa = XCBuildConfiguration;
			buildSettings = {
				ALWAYS_SEARCH_USER_PATHS = NO;
				CLANG_ANALYZER_NONNULL = YES;
				CLANG_ANALYZER_NUMBER_OBJECT_CONVERSION = YES_AGGRESSIVE;
				CLANG_CXX_LANGUAGE_STANDARD = "gnu++14";
				CLANG_CXX_LIBRARY = "libc++";
				CLANG_ENABLE_MODULES = YES;
				CLANG_ENABLE_OBJC_ARC = YES;
				CLANG_ENABLE_OBJC_WEAK = YES;
				CLANG_WARN_BLOCK_CAPTURE_AUTORELEASING = YES;
				CLANG_WARN_BOOL_CONVERSION = YES;
				CLANG_WARN_COMMA = YES;
				CLANG_WARN_CONSTANT_CONVERSION = YES;
				CLANG_WARN_DEPRECATED_OBJC_IMPLEMENTATIONS = YES;
				CLANG_WARN_DIRECT_OBJC_ISA_USAGE = YES_ERROR;
				CLANG_WARN_DOCUMENTATION_COMMENTS = YES;
				CLANG_WARN_EMPTY_BODY = YES;
				CLANG_WARN_ENUM_CONVERSION = YES;
				CLANG_WARN_INFINITE_RECURSION = YES;
				CLANG_WARN_INT_CONVERSION = YES;
				CLANG_WARN_NON_LITERAL_NULL_CONVERSION = YES;
				CLANG_WARN_OBJC_IMPLICIT_RETAIN_SELF = YES;
				CLANG_WARN_OBJC_LITERAL_CONVERSION = YES;
				CLANG_WARN_OBJC_ROOT_CLASS = YES_ERROR;
				CLANG_WARN_RANGE_LOOP_ANALYSIS = YES;
				CLANG_WARN_STRICT_PROTOTYPES = YES;
				CLANG_WARN_SUSPICIOUS_MOVE = YES;
				CLANG_WARN_UNGUARDED_AVAILABILITY = YES_AGGRESSIVE;
				CLANG_WARN_UNREACHABLE_CODE = YES;
				CLANG_WARN__DUPLICATE_METHOD_MATCH = YES;
				CODE_SIGN_IDENTITY = "iPhone Developer";
				COPY_PHASE_STRIP = NO;
				DEBUG_INFORMATION_FORMAT = dwarf;
				ENABLE_STRICT_OBJC_MSGSEND = YES;
				ENABLE_TESTABILITY = YES;
				GCC_C_LANGUAGE_STANDARD = gnu11;
				GCC_DYNAMIC_NO_PIC = NO;
				GCC_NO_COMMON_BLOCKS = YES;
				GCC_OPTIMIZATION_LEVEL = 0;
				GCC_PREPROCESSOR_DEFINITIONS = (
					"DEBUG=1",
					"$(inherited)",
				);
				GCC_WARN_64_TO_32_BIT_CONVERSION = YES;
				GCC_WARN_ABOUT_RETURN_TYPE = YES_ERROR;
				GCC_WARN_UNDECLARED_SELECTOR = YES;
				GCC_WARN_UNINITIALIZED_AUTOS = YES_AGGRESSIVE;
				GCC_WARN_UNUSED_FUNCTION = YES;
				GCC_WARN_UNUSED_VARIABLE = YES;
				IPHONEOS_DEPLOYMENT_TARGET = 11.4;
				MTL_ENABLE_DEBUG_INFO = YES;
				ONLY_ACTIVE_ARCH = YES;
				SDKROOT = iphoneos;
				SWIFT_ACTIVE_COMPILATION_CONDITIONS = DEBUG;
				SWIFT_OPTIMIZATION_LEVEL = "-Onone";
			};
			name = Debug;
		};
		DC10BD8020C63E5B00EE4428 /* Release */ = {
			isa = XCBuildConfiguration;
			buildSettings = {
				ALWAYS_SEARCH_USER_PATHS = NO;
				CLANG_ANALYZER_NONNULL = YES;
				CLANG_ANALYZER_NUMBER_OBJECT_CONVERSION = YES_AGGRESSIVE;
				CLANG_CXX_LANGUAGE_STANDARD = "gnu++14";
				CLANG_CXX_LIBRARY = "libc++";
				CLANG_ENABLE_MODULES = YES;
				CLANG_ENABLE_OBJC_ARC = YES;
				CLANG_ENABLE_OBJC_WEAK = YES;
				CLANG_WARN_BLOCK_CAPTURE_AUTORELEASING = YES;
				CLANG_WARN_BOOL_CONVERSION = YES;
				CLANG_WARN_COMMA = YES;
				CLANG_WARN_CONSTANT_CONVERSION = YES;
				CLANG_WARN_DEPRECATED_OBJC_IMPLEMENTATIONS = YES;
				CLANG_WARN_DIRECT_OBJC_ISA_USAGE = YES_ERROR;
				CLANG_WARN_DOCUMENTATION_COMMENTS = YES;
				CLANG_WARN_EMPTY_BODY = YES;
				CLANG_WARN_ENUM_CONVERSION = YES;
				CLANG_WARN_INFINITE_RECURSION = YES;
				CLANG_WARN_INT_CONVERSION = YES;
				CLANG_WARN_NON_LITERAL_NULL_CONVERSION = YES;
				CLANG_WARN_OBJC_IMPLICIT_RETAIN_SELF = YES;
				CLANG_WARN_OBJC_LITERAL_CONVERSION = YES;
				CLANG_WARN_OBJC_ROOT_CLASS = YES_ERROR;
				CLANG_WARN_RANGE_LOOP_ANALYSIS = YES;
				CLANG_WARN_STRICT_PROTOTYPES = YES;
				CLANG_WARN_SUSPICIOUS_MOVE = YES;
				CLANG_WARN_UNGUARDED_AVAILABILITY = YES_AGGRESSIVE;
				CLANG_WARN_UNREACHABLE_CODE = YES;
				CLANG_WARN__DUPLICATE_METHOD_MATCH = YES;
				CODE_SIGN_IDENTITY = "iPhone Developer";
				COPY_PHASE_STRIP = NO;
				DEBUG_INFORMATION_FORMAT = "dwarf-with-dsym";
				ENABLE_NS_ASSERTIONS = NO;
				ENABLE_STRICT_OBJC_MSGSEND = YES;
				GCC_C_LANGUAGE_STANDARD = gnu11;
				GCC_NO_COMMON_BLOCKS = YES;
				GCC_WARN_64_TO_32_BIT_CONVERSION = YES;
				GCC_WARN_ABOUT_RETURN_TYPE = YES_ERROR;
				GCC_WARN_UNDECLARED_SELECTOR = YES;
				GCC_WARN_UNINITIALIZED_AUTOS = YES_AGGRESSIVE;
				GCC_WARN_UNUSED_FUNCTION = YES;
				GCC_WARN_UNUSED_VARIABLE = YES;
				IPHONEOS_DEPLOYMENT_TARGET = 11.4;
				MTL_ENABLE_DEBUG_INFO = NO;
				SDKROOT = iphoneos;
				SWIFT_COMPILATION_MODE = wholemodule;
				SWIFT_OPTIMIZATION_LEVEL = "-O";
				VALIDATE_PRODUCT = YES;
			};
			name = Release;
		};
		DC10BD8220C63E5B00EE4428 /* Debug */ = {
			isa = XCBuildConfiguration;
			buildSettings = {
				ASSETCATALOG_COMPILER_APPICON_NAME = AppIcon;
				CODE_SIGN_STYLE = Automatic;
				INFOPLIST_FILE = "SAY Houston/Info.plist";
				LD_RUNPATH_SEARCH_PATHS = (
					"$(inherited)",
					"@executable_path/Frameworks",
				);
				PRODUCT_BUNDLE_IDENTIFIER = "Game-Changers.SAY-Houston";
				PRODUCT_NAME = "$(TARGET_NAME)";
				SWIFT_VERSION = 4.0;
				TARGETED_DEVICE_FAMILY = "1,2";
			};
			name = Debug;
		};
		DC10BD8320C63E5B00EE4428 /* Release */ = {
			isa = XCBuildConfiguration;
			buildSettings = {
				ASSETCATALOG_COMPILER_APPICON_NAME = AppIcon;
				CODE_SIGN_STYLE = Automatic;
				INFOPLIST_FILE = "SAY Houston/Info.plist";
				LD_RUNPATH_SEARCH_PATHS = (
					"$(inherited)",
					"@executable_path/Frameworks",
				);
				PRODUCT_BUNDLE_IDENTIFIER = "Game-Changers.SAY-Houston";
				PRODUCT_NAME = "$(TARGET_NAME)";
				SWIFT_VERSION = 4.0;
				TARGETED_DEVICE_FAMILY = "1,2";
			};
			name = Release;
		};
		DC10BD8520C63E5B00EE4428 /* Debug */ = {
			isa = XCBuildConfiguration;
			buildSettings = {
				ALWAYS_EMBED_SWIFT_STANDARD_LIBRARIES = YES;
				BUNDLE_LOADER = "$(TEST_HOST)";
				CODE_SIGN_STYLE = Automatic;
				INFOPLIST_FILE = "SAY HoustonTests/Info.plist";
				LD_RUNPATH_SEARCH_PATHS = (
					"$(inherited)",
					"@executable_path/Frameworks",
					"@loader_path/Frameworks",
				);
				PRODUCT_BUNDLE_IDENTIFIER = "Game-Changers.SAY-HoustonTests";
				PRODUCT_NAME = "$(TARGET_NAME)";
				SWIFT_VERSION = 4.0;
				TARGETED_DEVICE_FAMILY = "1,2";
				TEST_HOST = "$(BUILT_PRODUCTS_DIR)/SAY Houston.app/SAY Houston";
			};
			name = Debug;
		};
		DC10BD8620C63E5B00EE4428 /* Release */ = {
			isa = XCBuildConfiguration;
			buildSettings = {
				ALWAYS_EMBED_SWIFT_STANDARD_LIBRARIES = YES;
				BUNDLE_LOADER = "$(TEST_HOST)";
				CODE_SIGN_STYLE = Automatic;
				INFOPLIST_FILE = "SAY HoustonTests/Info.plist";
				LD_RUNPATH_SEARCH_PATHS = (
					"$(inherited)",
					"@executable_path/Frameworks",
					"@loader_path/Frameworks",
				);
				PRODUCT_BUNDLE_IDENTIFIER = "Game-Changers.SAY-HoustonTests";
				PRODUCT_NAME = "$(TARGET_NAME)";
				SWIFT_VERSION = 4.0;
				TARGETED_DEVICE_FAMILY = "1,2";
				TEST_HOST = "$(BUILT_PRODUCTS_DIR)/SAY Houston.app/SAY Houston";
			};
			name = Release;
		};
		DC10BD8820C63E5B00EE4428 /* Debug */ = {
			isa = XCBuildConfiguration;
			buildSettings = {
				ALWAYS_EMBED_SWIFT_STANDARD_LIBRARIES = YES;
				CODE_SIGN_STYLE = Automatic;
				INFOPLIST_FILE = "SAY HoustonUITests/Info.plist";
				LD_RUNPATH_SEARCH_PATHS = (
					"$(inherited)",
					"@executable_path/Frameworks",
					"@loader_path/Frameworks",
				);
				PRODUCT_BUNDLE_IDENTIFIER = "Game-Changers.SAY-HoustonUITests";
				PRODUCT_NAME = "$(TARGET_NAME)";
				SWIFT_VERSION = 4.0;
				TARGETED_DEVICE_FAMILY = "1,2";
				TEST_TARGET_NAME = "SAY Houston";
			};
			name = Debug;
		};
		DC10BD8920C63E5B00EE4428 /* Release */ = {
			isa = XCBuildConfiguration;
			buildSettings = {
				ALWAYS_EMBED_SWIFT_STANDARD_LIBRARIES = YES;
				CODE_SIGN_STYLE = Automatic;
				INFOPLIST_FILE = "SAY HoustonUITests/Info.plist";
				LD_RUNPATH_SEARCH_PATHS = (
					"$(inherited)",
					"@executable_path/Frameworks",
					"@loader_path/Frameworks",
				);
				PRODUCT_BUNDLE_IDENTIFIER = "Game-Changers.SAY-HoustonUITests";
				PRODUCT_NAME = "$(TARGET_NAME)";
				SWIFT_VERSION = 4.0;
				TARGETED_DEVICE_FAMILY = "1,2";
				TEST_TARGET_NAME = "SAY Houston";
			};
			name = Release;
		};
/* End XCBuildConfiguration section */

/* Begin XCConfigurationList section */
		DC10BD5420C63E5900EE4428 /* Build configuration list for PBXProject "SAY Houston" */ = {
			isa = XCConfigurationList;
			buildConfigurations = (
				DC10BD7F20C63E5B00EE4428 /* Debug */,
				DC10BD8020C63E5B00EE4428 /* Release */,
			);
			defaultConfigurationIsVisible = 0;
			defaultConfigurationName = Release;
		};
		DC10BD8120C63E5B00EE4428 /* Build configuration list for PBXNativeTarget "SAY Houston" */ = {
			isa = XCConfigurationList;
			buildConfigurations = (
				DC10BD8220C63E5B00EE4428 /* Debug */,
				DC10BD8320C63E5B00EE4428 /* Release */,
			);
			defaultConfigurationIsVisible = 0;
			defaultConfigurationName = Release;
		};
		DC10BD8420C63E5B00EE4428 /* Build configuration list for PBXNativeTarget "SAY HoustonTests" */ = {
			isa = XCConfigurationList;
			buildConfigurations = (
				DC10BD8520C63E5B00EE4428 /* Debug */,
				DC10BD8620C63E5B00EE4428 /* Release */,
			);
			defaultConfigurationIsVisible = 0;
			defaultConfigurationName = Release;
		};
		DC10BD8720C63E5B00EE4428 /* Build configuration list for PBXNativeTarget "SAY HoustonUITests" */ = {
			isa = XCConfigurationList;
			buildConfigurations = (
				DC10BD8820C63E5B00EE4428 /* Debug */,
				DC10BD8920C63E5B00EE4428 /* Release */,
			);
			defaultConfigurationIsVisible = 0;
			defaultConfigurationName = Release;
		};
/* End XCConfigurationList section */
	};
	rootObject = DC10BD5120C63E5900EE4428 /* Project object */;
}
